{
  "version": 4,
  "terraform_version": "1.7.4",
  "serial": 10,
  "lineage": "f82ec51a-acd1-ae41-251c-06d1608fe509",
  "outputs": {
    "subnet_groups": {
      "value": {
        "private": {
          "arns": [
            "arn:aws:ec2:ap-northeast-2:135149110460:subnet/subnet-09b639d0e0811d6c6",
            "arn:aws:ec2:ap-northeast-2:135149110460:subnet/subnet-01b1bf1e7fea1ebab"
          ],
          "availability_zone_ids": [
            "apne2-az1",
            "apne2-az2"
          ],
          "availability_zones": [
            "ap-northeast-2a",
            "ap-northeast-2b"
          ],
          "cache_subnet_group_id": null,
          "cidr_blocks": [
            "10.0.10.0/24",
            "10.0.11.0/24"
          ],
          "dax_subnet_group_id": null,
          "db_subnet_group_arn": null,
          "db_subnet_group_id": null,
          "dms_replication_subnet_group_id": null,
          "docdb_subnet_group_arn": null,
          "docdb_subnet_group_id": null,
          "ids": [
            "subnet-09b639d0e0811d6c6",
            "subnet-01b1bf1e7fea1ebab"
          ],
          "ipv6_cidr_blocks": [],
          "name": "staging-private",
          "neptune_subnet_group_arn": null,
          "neptune_subnet_group_id": null,
          "redshift_subnet_group_arn": null,
          "redshift_subnet_group_id": null,
          "subnets": [
            {
              "arn": "arn:aws:ec2:ap-northeast-2:135149110460:subnet/subnet-09b639d0e0811d6c6",
              "assign_ipv6_address_on_creation": false,
              "availability_zone": "ap-northeast-2a",
              "availability_zone_id": "apne2-az1",
              "cidr_block": "10.0.10.0/24",
              "customer_owned_ipv4_pool": "",
              "enable_dns64": false,
              "enable_lni_at_device_index": 0,
              "enable_resource_name_dns_a_record_on_launch": false,
              "enable_resource_name_dns_aaaa_record_on_launch": false,
              "id": "subnet-09b639d0e0811d6c6",
              "ipv6_cidr_block": "",
              "ipv6_cidr_block_association_id": "",
              "ipv6_native": false,
              "map_customer_owned_ip_on_launch": false,
              "map_public_ip_on_launch": false,
              "outpost_arn": "",
              "owner_id": "135149110460",
              "private_dns_hostname_type_on_launch": "ip-name",
              "tags": {
                "Name": "staging-private-001/az1",
                "Owner": "cwchoiit",
                "Project": "Network",
                "module.terraform.io/full-name": "terraform-aws-network/subnet-group",
                "module.terraform.io/instance": "staging-private",
                "module.terraform.io/name": "subnet-group",
                "module.terraform.io/package": "terraform-aws-network",
                "module.terraform.io/version": "0.24.0"
              },
              "tags_all": {
                "Name": "staging-private-001/az1",
                "Owner": "cwchoiit",
                "Project": "Network",
                "module.terraform.io/full-name": "terraform-aws-network/subnet-group",
                "module.terraform.io/instance": "staging-private",
                "module.terraform.io/name": "subnet-group",
                "module.terraform.io/package": "terraform-aws-network",
                "module.terraform.io/version": "0.24.0"
              },
              "timeouts": null,
              "vpc_id": "vpc-0b5e1015bd241ee17"
            },
            {
              "arn": "arn:aws:ec2:ap-northeast-2:135149110460:subnet/subnet-01b1bf1e7fea1ebab",
              "assign_ipv6_address_on_creation": false,
              "availability_zone": "ap-northeast-2b",
              "availability_zone_id": "apne2-az2",
              "cidr_block": "10.0.11.0/24",
              "customer_owned_ipv4_pool": "",
              "enable_dns64": false,
              "enable_lni_at_device_index": 0,
              "enable_resource_name_dns_a_record_on_launch": false,
              "enable_resource_name_dns_aaaa_record_on_launch": false,
              "id": "subnet-01b1bf1e7fea1ebab",
              "ipv6_cidr_block": "",
              "ipv6_cidr_block_association_id": "",
              "ipv6_native": false,
              "map_customer_owned_ip_on_launch": false,
              "map_public_ip_on_launch": false,
              "outpost_arn": "",
              "owner_id": "135149110460",
              "private_dns_hostname_type_on_launch": "ip-name",
              "tags": {
                "Name": "staging-private-002/az2",
                "Owner": "cwchoiit",
                "Project": "Network",
                "module.terraform.io/full-name": "terraform-aws-network/subnet-group",
                "module.terraform.io/instance": "staging-private",
                "module.terraform.io/name": "subnet-group",
                "module.terraform.io/package": "terraform-aws-network",
                "module.terraform.io/version": "0.24.0"
              },
              "tags_all": {
                "Name": "staging-private-002/az2",
                "Owner": "cwchoiit",
                "Project": "Network",
                "module.terraform.io/full-name": "terraform-aws-network/subnet-group",
                "module.terraform.io/instance": "staging-private",
                "module.terraform.io/name": "subnet-group",
                "module.terraform.io/package": "terraform-aws-network",
                "module.terraform.io/version": "0.24.0"
              },
              "timeouts": null,
              "vpc_id": "vpc-0b5e1015bd241ee17"
            }
          ],
          "vpc_id": "vpc-0b5e1015bd241ee17"
        },
        "public": {
          "arns": [
            "arn:aws:ec2:ap-northeast-2:135149110460:subnet/subnet-01730f7a8794d39a5",
            "arn:aws:ec2:ap-northeast-2:135149110460:subnet/subnet-0c0f3399c84c524ce"
          ],
          "availability_zone_ids": [
            "apne2-az1",
            "apne2-az2"
          ],
          "availability_zones": [
            "ap-northeast-2a",
            "ap-northeast-2b"
          ],
          "cache_subnet_group_id": null,
          "cidr_blocks": [
            "10.0.0.0/24",
            "10.0.1.0/24"
          ],
          "dax_subnet_group_id": null,
          "db_subnet_group_arn": null,
          "db_subnet_group_id": null,
          "dms_replication_subnet_group_id": null,
          "docdb_subnet_group_arn": null,
          "docdb_subnet_group_id": null,
          "ids": [
            "subnet-01730f7a8794d39a5",
            "subnet-0c0f3399c84c524ce"
          ],
          "ipv6_cidr_blocks": [],
          "name": "staging-public",
          "neptune_subnet_group_arn": null,
          "neptune_subnet_group_id": null,
          "redshift_subnet_group_arn": null,
          "redshift_subnet_group_id": null,
          "subnets": [
            {
              "arn": "arn:aws:ec2:ap-northeast-2:135149110460:subnet/subnet-01730f7a8794d39a5",
              "assign_ipv6_address_on_creation": false,
              "availability_zone": "ap-northeast-2a",
              "availability_zone_id": "apne2-az1",
              "cidr_block": "10.0.0.0/24",
              "customer_owned_ipv4_pool": "",
              "enable_dns64": false,
              "enable_lni_at_device_index": 0,
              "enable_resource_name_dns_a_record_on_launch": false,
              "enable_resource_name_dns_aaaa_record_on_launch": false,
              "id": "subnet-01730f7a8794d39a5",
              "ipv6_cidr_block": "",
              "ipv6_cidr_block_association_id": "",
              "ipv6_native": false,
              "map_customer_owned_ip_on_launch": false,
              "map_public_ip_on_launch": true,
              "outpost_arn": "",
              "owner_id": "135149110460",
              "private_dns_hostname_type_on_launch": "ip-name",
              "tags": {
                "Name": "staging-public-001/az1",
                "Owner": "cwchoiit",
                "Project": "Network",
                "module.terraform.io/full-name": "terraform-aws-network/subnet-group",
                "module.terraform.io/instance": "staging-public",
                "module.terraform.io/name": "subnet-group",
                "module.terraform.io/package": "terraform-aws-network",
                "module.terraform.io/version": "0.24.0"
              },
              "tags_all": {
                "Name": "staging-public-001/az1",
                "Owner": "cwchoiit",
                "Project": "Network",
                "module.terraform.io/full-name": "terraform-aws-network/subnet-group",
                "module.terraform.io/instance": "staging-public",
                "module.terraform.io/name": "subnet-group",
                "module.terraform.io/package": "terraform-aws-network",
                "module.terraform.io/version": "0.24.0"
              },
              "timeouts": null,
              "vpc_id": "vpc-0b5e1015bd241ee17"
            },
            {
              "arn": "arn:aws:ec2:ap-northeast-2:135149110460:subnet/subnet-0c0f3399c84c524ce",
              "assign_ipv6_address_on_creation": false,
              "availability_zone": "ap-northeast-2b",
              "availability_zone_id": "apne2-az2",
              "cidr_block": "10.0.1.0/24",
              "customer_owned_ipv4_pool": "",
              "enable_dns64": false,
              "enable_lni_at_device_index": 0,
              "enable_resource_name_dns_a_record_on_launch": false,
              "enable_resource_name_dns_aaaa_record_on_launch": false,
              "id": "subnet-0c0f3399c84c524ce",
              "ipv6_cidr_block": "",
              "ipv6_cidr_block_association_id": "",
              "ipv6_native": false,
              "map_customer_owned_ip_on_launch": false,
              "map_public_ip_on_launch": true,
              "outpost_arn": "",
              "owner_id": "135149110460",
              "private_dns_hostname_type_on_launch": "ip-name",
              "tags": {
                "Name": "staging-public-002/az2",
                "Owner": "cwchoiit",
                "Project": "Network",
                "module.terraform.io/full-name": "terraform-aws-network/subnet-group",
                "module.terraform.io/instance": "staging-public",
                "module.terraform.io/name": "subnet-group",
                "module.terraform.io/package": "terraform-aws-network",
                "module.terraform.io/version": "0.24.0"
              },
              "tags_all": {
                "Name": "staging-public-002/az2",
                "Owner": "cwchoiit",
                "Project": "Network",
                "module.terraform.io/full-name": "terraform-aws-network/subnet-group",
                "module.terraform.io/instance": "staging-public",
                "module.terraform.io/name": "subnet-group",
                "module.terraform.io/package": "terraform-aws-network",
                "module.terraform.io/version": "0.24.0"
              },
              "timeouts": null,
              "vpc_id": "vpc-0b5e1015bd241ee17"
            }
          ],
          "vpc_id": "vpc-0b5e1015bd241ee17"
        }
      },
      "type": [
        "object",
        {
          "private": [
            "object",
            {
              "arns": [
                "tuple",
                [
                  "string",
                  "string"
                ]
              ],
              "availability_zone_ids": [
                "list",
                "string"
              ],
              "availability_zones": [
                "list",
                "string"
              ],
              "cache_subnet_group_id": "dynamic",
              "cidr_blocks": [
                "tuple",
                [
                  "string",
                  "string"
                ]
              ],
              "dax_subnet_group_id": "dynamic",
              "db_subnet_group_arn": "dynamic",
              "db_subnet_group_id": "dynamic",
              "dms_replication_subnet_group_id": "dynamic",
              "docdb_subnet_group_arn": "dynamic",
              "docdb_subnet_group_id": "dynamic",
              "ids": [
                "tuple",
                [
                  "string",
                  "string"
                ]
              ],
              "ipv6_cidr_blocks": [
                "list",
                "string"
              ],
              "name": "string",
              "neptune_subnet_group_arn": "dynamic",
              "neptune_subnet_group_id": "dynamic",
              "redshift_subnet_group_arn": "dynamic",
              "redshift_subnet_group_id": "dynamic",
              "subnets": [
                "tuple",
                [
                  [
                    "object",
                    {
                      "arn": "string",
                      "assign_ipv6_address_on_creation": "bool",
                      "availability_zone": "string",
                      "availability_zone_id": "string",
                      "cidr_block": "string",
                      "customer_owned_ipv4_pool": "string",
                      "enable_dns64": "bool",
                      "enable_lni_at_device_index": "number",
                      "enable_resource_name_dns_a_record_on_launch": "bool",
                      "enable_resource_name_dns_aaaa_record_on_launch": "bool",
                      "id": "string",
                      "ipv6_cidr_block": "string",
                      "ipv6_cidr_block_association_id": "string",
                      "ipv6_native": "bool",
                      "map_customer_owned_ip_on_launch": "bool",
                      "map_public_ip_on_launch": "bool",
                      "outpost_arn": "string",
                      "owner_id": "string",
                      "private_dns_hostname_type_on_launch": "string",
                      "tags": [
                        "map",
                        "string"
                      ],
                      "tags_all": [
                        "map",
                        "string"
                      ],
                      "timeouts": [
                        "object",
                        {
                          "create": "string",
                          "delete": "string"
                        }
                      ],
                      "vpc_id": "string"
                    }
                  ],
                  [
                    "object",
                    {
                      "arn": "string",
                      "assign_ipv6_address_on_creation": "bool",
                      "availability_zone": "string",
                      "availability_zone_id": "string",
                      "cidr_block": "string",
                      "customer_owned_ipv4_pool": "string",
                      "enable_dns64": "bool",
                      "enable_lni_at_device_index": "number",
                      "enable_resource_name_dns_a_record_on_launch": "bool",
                      "enable_resource_name_dns_aaaa_record_on_launch": "bool",
                      "id": "string",
                      "ipv6_cidr_block": "string",
                      "ipv6_cidr_block_association_id": "string",
                      "ipv6_native": "bool",
                      "map_customer_owned_ip_on_launch": "bool",
                      "map_public_ip_on_launch": "bool",
                      "outpost_arn": "string",
                      "owner_id": "string",
                      "private_dns_hostname_type_on_launch": "string",
                      "tags": [
                        "map",
                        "string"
                      ],
                      "tags_all": [
                        "map",
                        "string"
                      ],
                      "timeouts": [
                        "object",
                        {
                          "create": "string",
                          "delete": "string"
                        }
                      ],
                      "vpc_id": "string"
                    }
                  ]
                ]
              ],
              "vpc_id": "string"
            }
          ],
          "public": [
            "object",
            {
              "arns": [
                "tuple",
                [
                  "string",
                  "string"
                ]
              ],
              "availability_zone_ids": [
                "list",
                "string"
              ],
              "availability_zones": [
                "list",
                "string"
              ],
              "cache_subnet_group_id": "dynamic",
              "cidr_blocks": [
                "tuple",
                [
                  "string",
                  "string"
                ]
              ],
              "dax_subnet_group_id": "dynamic",
              "db_subnet_group_arn": "dynamic",
              "db_subnet_group_id": "dynamic",
              "dms_replication_subnet_group_id": "dynamic",
              "docdb_subnet_group_arn": "dynamic",
              "docdb_subnet_group_id": "dynamic",
              "ids": [
                "tuple",
                [
                  "string",
                  "string"
                ]
              ],
              "ipv6_cidr_blocks": [
                "list",
                "string"
              ],
              "name": "string",
              "neptune_subnet_group_arn": "dynamic",
              "neptune_subnet_group_id": "dynamic",
              "redshift_subnet_group_arn": "dynamic",
              "redshift_subnet_group_id": "dynamic",
              "subnets": [
                "tuple",
                [
                  [
                    "object",
                    {
                      "arn": "string",
                      "assign_ipv6_address_on_creation": "bool",
                      "availability_zone": "string",
                      "availability_zone_id": "string",
                      "cidr_block": "string",
                      "customer_owned_ipv4_pool": "string",
                      "enable_dns64": "bool",
                      "enable_lni_at_device_index": "number",
                      "enable_resource_name_dns_a_record_on_launch": "bool",
                      "enable_resource_name_dns_aaaa_record_on_launch": "bool",
                      "id": "string",
                      "ipv6_cidr_block": "string",
                      "ipv6_cidr_block_association_id": "string",
                      "ipv6_native": "bool",
                      "map_customer_owned_ip_on_launch": "bool",
                      "map_public_ip_on_launch": "bool",
                      "outpost_arn": "string",
                      "owner_id": "string",
                      "private_dns_hostname_type_on_launch": "string",
                      "tags": [
                        "map",
                        "string"
                      ],
                      "tags_all": [
                        "map",
                        "string"
                      ],
                      "timeouts": [
                        "object",
                        {
                          "create": "string",
                          "delete": "string"
                        }
                      ],
                      "vpc_id": "string"
                    }
                  ],
                  [
                    "object",
                    {
                      "arn": "string",
                      "assign_ipv6_address_on_creation": "bool",
                      "availability_zone": "string",
                      "availability_zone_id": "string",
                      "cidr_block": "string",
                      "customer_owned_ipv4_pool": "string",
                      "enable_dns64": "bool",
                      "enable_lni_at_device_index": "number",
                      "enable_resource_name_dns_a_record_on_launch": "bool",
                      "enable_resource_name_dns_aaaa_record_on_launch": "bool",
                      "id": "string",
                      "ipv6_cidr_block": "string",
                      "ipv6_cidr_block_association_id": "string",
                      "ipv6_native": "bool",
                      "map_customer_owned_ip_on_launch": "bool",
                      "map_public_ip_on_launch": "bool",
                      "outpost_arn": "string",
                      "owner_id": "string",
                      "private_dns_hostname_type_on_launch": "string",
                      "tags": [
                        "map",
                        "string"
                      ],
                      "tags_all": [
                        "map",
                        "string"
                      ],
                      "timeouts": [
                        "object",
                        {
                          "create": "string",
                          "delete": "string"
                        }
                      ],
                      "vpc_id": "string"
                    }
                  ]
                ]
              ],
              "vpc_id": "string"
            }
          ]
        }
      ]
    },
    "vpc_cidr": {
      "value": "10.0.0.0/16",
      "type": "string"
    },
    "vpc_id": {
      "value": "vpc-0b5e1015bd241ee17",
      "type": "string"
    },
    "vpc_name": {
      "value": "staging",
      "type": "string"
    }
  },
  "resources": [
    {
      "module": "module.subnet_group__private",
      "mode": "managed",
      "type": "aws_resourcegroups_group",
      "name": "this",
      "provider": "provider[\"registry.terraform.io/hashicorp/aws\"]",
      "instances": [
        {
          "index_key": 0,
          "schema_version": 0,
          "attributes": {
            "arn": "arn:aws:resource-groups:ap-northeast-2:135149110460:group/terraform-aws-network.subnet-group.staging-private",
            "configuration": [],
            "description": "Managed by Terraform.",
            "id": "terraform-aws-network.subnet-group.staging-private",
            "name": "terraform-aws-network.subnet-group.staging-private",
            "resource_query": [
              {
                "query": "{\n  \"ResourceTypeFilters\": [\n    \"AWS::AllSupported\"\n  ],\n  \"TagFilters\": [{\"Key\":\"module.terraform.io/full-name\",\"Values\":[\"terraform-aws-network/subnet-group\"]},{\"Key\":\"module.terraform.io/instance\",\"Values\":[\"staging-private\"]},{\"Key\":\"module.terraform.io/name\",\"Values\":[\"subnet-group\"]},{\"Key\":\"module.terraform.io/package\",\"Values\":[\"terraform-aws-network\"]},{\"Key\":\"module.terraform.io/version\",\"Values\":[\"0.24.0\"]}]\n}\n",
                "type": "TAG_FILTERS_1_0"
              }
            ],
            "tags": {
              "Name": "terraform-aws-network.subnet-group.staging-private",
              "Owner": "cwchoiit",
              "Project": "Network",
              "module.terraform.io/full-name": "terraform-aws-network/subnet-group",
              "module.terraform.io/instance": "staging-private",
              "module.terraform.io/name": "subnet-group",
              "module.terraform.io/package": "terraform-aws-network",
              "module.terraform.io/version": "0.24.0"
            },
            "tags_all": {
              "Name": "terraform-aws-network.subnet-group.staging-private",
              "Owner": "cwchoiit",
              "Project": "Network",
              "module.terraform.io/full-name": "terraform-aws-network/subnet-group",
              "module.terraform.io/instance": "staging-private",
              "module.terraform.io/name": "subnet-group",
              "module.terraform.io/package": "terraform-aws-network",
              "module.terraform.io/version": "0.24.0"
            },
            "timeouts": null
          },
          "sensitive_attributes": [],
          "private": "eyJlMmJmYjczMC1lY2FhLTExZTYtOGY4OC0zNDM2M2JjN2M0YzAiOnsiY3JlYXRlIjo5MDAwMDAwMDAwMDAsInVwZGF0ZSI6OTAwMDAwMDAwMDAwfX0="
        }
      ]
    },
    {
      "module": "module.subnet_group__private",
      "mode": "managed",
      "type": "aws_subnet",
      "name": "this",
      "provider": "provider[\"registry.terraform.io/hashicorp/aws\"]",
      "instances": [
        {
          "index_key": "staging-private-001/az1",
          "schema_version": 1,
          "attributes": {
            "arn": "arn:aws:ec2:ap-northeast-2:135149110460:subnet/subnet-09b639d0e0811d6c6",
            "assign_ipv6_address_on_creation": false,
            "availability_zone": "ap-northeast-2a",
            "availability_zone_id": "apne2-az1",
            "cidr_block": "10.0.10.0/24",
            "customer_owned_ipv4_pool": "",
            "enable_dns64": false,
            "enable_lni_at_device_index": 0,
            "enable_resource_name_dns_a_record_on_launch": false,
            "enable_resource_name_dns_aaaa_record_on_launch": false,
            "id": "subnet-09b639d0e0811d6c6",
            "ipv6_cidr_block": "",
            "ipv6_cidr_block_association_id": "",
            "ipv6_native": false,
            "map_customer_owned_ip_on_launch": false,
            "map_public_ip_on_launch": false,
            "outpost_arn": "",
            "owner_id": "135149110460",
            "private_dns_hostname_type_on_launch": "ip-name",
            "tags": {
              "Name": "staging-private-001/az1",
              "Owner": "cwchoiit",
              "Project": "Network",
              "module.terraform.io/full-name": "terraform-aws-network/subnet-group",
              "module.terraform.io/instance": "staging-private",
              "module.terraform.io/name": "subnet-group",
              "module.terraform.io/package": "terraform-aws-network",
              "module.terraform.io/version": "0.24.0"
            },
            "tags_all": {
              "Name": "staging-private-001/az1",
              "Owner": "cwchoiit",
              "Project": "Network",
              "module.terraform.io/full-name": "terraform-aws-network/subnet-group",
              "module.terraform.io/instance": "staging-private",
              "module.terraform.io/name": "subnet-group",
              "module.terraform.io/package": "terraform-aws-network",
              "module.terraform.io/version": "0.24.0"
            },
            "timeouts": null,
            "vpc_id": "vpc-0b5e1015bd241ee17"
          },
          "sensitive_attributes": [],
          "private": "eyJlMmJmYjczMC1lY2FhLTExZTYtOGY4OC0zNDM2M2JjN2M0YzAiOnsiY3JlYXRlIjo2MDAwMDAwMDAwMDAsImRlbGV0ZSI6MTIwMDAwMDAwMDAwMH0sInNjaGVtYV92ZXJzaW9uIjoiMSJ9",
          "dependencies": [
            "module.vpc.aws_vpc.this"
          ]
        },
        {
          "index_key": "staging-private-002/az2",
          "schema_version": 1,
          "attributes": {
            "arn": "arn:aws:ec2:ap-northeast-2:135149110460:subnet/subnet-01b1bf1e7fea1ebab",
            "assign_ipv6_address_on_creation": false,
            "availability_zone": "ap-northeast-2b",
            "availability_zone_id": "apne2-az2",
            "cidr_block": "10.0.11.0/24",
            "customer_owned_ipv4_pool": "",
            "enable_dns64": false,
            "enable_lni_at_device_index": 0,
            "enable_resource_name_dns_a_record_on_launch": false,
            "enable_resource_name_dns_aaaa_record_on_launch": false,
            "id": "subnet-01b1bf1e7fea1ebab",
            "ipv6_cidr_block": "",
            "ipv6_cidr_block_association_id": "",
            "ipv6_native": false,
            "map_customer_owned_ip_on_launch": false,
            "map_public_ip_on_launch": false,
            "outpost_arn": "",
            "owner_id": "135149110460",
            "private_dns_hostname_type_on_launch": "ip-name",
            "tags": {
              "Name": "staging-private-002/az2",
              "Owner": "cwchoiit",
              "Project": "Network",
              "module.terraform.io/full-name": "terraform-aws-network/subnet-group",
              "module.terraform.io/instance": "staging-private",
              "module.terraform.io/name": "subnet-group",
              "module.terraform.io/package": "terraform-aws-network",
              "module.terraform.io/version": "0.24.0"
            },
            "tags_all": {
              "Name": "staging-private-002/az2",
              "Owner": "cwchoiit",
              "Project": "Network",
              "module.terraform.io/full-name": "terraform-aws-network/subnet-group",
              "module.terraform.io/instance": "staging-private",
              "module.terraform.io/name": "subnet-group",
              "module.terraform.io/package": "terraform-aws-network",
              "module.terraform.io/version": "0.24.0"
            },
            "timeouts": null,
            "vpc_id": "vpc-0b5e1015bd241ee17"
          },
          "sensitive_attributes": [],
          "private": "eyJlMmJmYjczMC1lY2FhLTExZTYtOGY4OC0zNDM2M2JjN2M0YzAiOnsiY3JlYXRlIjo2MDAwMDAwMDAwMDAsImRlbGV0ZSI6MTIwMDAwMDAwMDAwMH0sInNjaGVtYV92ZXJzaW9uIjoiMSJ9",
          "dependencies": [
            "module.vpc.aws_vpc.this"
          ]
        }
      ]
    },
    {
      "module": "module.subnet_group__public",
      "mode": "managed",
      "type": "aws_resourcegroups_group",
      "name": "this",
      "provider": "provider[\"registry.terraform.io/hashicorp/aws\"]",
      "instances": [
        {
          "index_key": 0,
          "schema_version": 0,
          "attributes": {
            "arn": "arn:aws:resource-groups:ap-northeast-2:135149110460:group/terraform-aws-network.subnet-group.staging-public",
            "configuration": [],
            "description": "Managed by Terraform.",
            "id": "terraform-aws-network.subnet-group.staging-public",
            "name": "terraform-aws-network.subnet-group.staging-public",
            "resource_query": [
              {
                "query": "{\n  \"ResourceTypeFilters\": [\n    \"AWS::AllSupported\"\n  ],\n  \"TagFilters\": [{\"Key\":\"module.terraform.io/full-name\",\"Values\":[\"terraform-aws-network/subnet-group\"]},{\"Key\":\"module.terraform.io/instance\",\"Values\":[\"staging-public\"]},{\"Key\":\"module.terraform.io/name\",\"Values\":[\"subnet-group\"]},{\"Key\":\"module.terraform.io/package\",\"Values\":[\"terraform-aws-network\"]},{\"Key\":\"module.terraform.io/version\",\"Values\":[\"0.24.0\"]}]\n}\n",
                "type": "TAG_FILTERS_1_0"
              }
            ],
            "tags": {
              "Name": "terraform-aws-network.subnet-group.staging-public",
              "Owner": "cwchoiit",
              "Project": "Network",
              "module.terraform.io/full-name": "terraform-aws-network/subnet-group",
              "module.terraform.io/instance": "staging-public",
              "module.terraform.io/name": "subnet-group",
              "module.terraform.io/package": "terraform-aws-network",
              "module.terraform.io/version": "0.24.0"
            },
            "tags_all": {
              "Name": "terraform-aws-network.subnet-group.staging-public",
              "Owner": "cwchoiit",
              "Project": "Network",
              "module.terraform.io/full-name": "terraform-aws-network/subnet-group",
              "module.terraform.io/instance": "staging-public",
              "module.terraform.io/name": "subnet-group",
              "module.terraform.io/package": "terraform-aws-network",
              "module.terraform.io/version": "0.24.0"
            },
            "timeouts": null
          },
          "sensitive_attributes": [],
          "private": "eyJlMmJmYjczMC1lY2FhLTExZTYtOGY4OC0zNDM2M2JjN2M0YzAiOnsiY3JlYXRlIjo5MDAwMDAwMDAwMDAsInVwZGF0ZSI6OTAwMDAwMDAwMDAwfX0="
        }
      ]
    },
    {
      "module": "module.subnet_group__public",
      "mode": "managed",
      "type": "aws_subnet",
      "name": "this",
      "provider": "provider[\"registry.terraform.io/hashicorp/aws\"]",
      "instances": [
        {
          "index_key": "staging-public-001/az1",
          "schema_version": 1,
          "attributes": {
            "arn": "arn:aws:ec2:ap-northeast-2:135149110460:subnet/subnet-01730f7a8794d39a5",
            "assign_ipv6_address_on_creation": false,
            "availability_zone": "ap-northeast-2a",
            "availability_zone_id": "apne2-az1",
            "cidr_block": "10.0.0.0/24",
            "customer_owned_ipv4_pool": "",
            "enable_dns64": false,
            "enable_lni_at_device_index": 0,
            "enable_resource_name_dns_a_record_on_launch": false,
            "enable_resource_name_dns_aaaa_record_on_launch": false,
            "id": "subnet-01730f7a8794d39a5",
            "ipv6_cidr_block": "",
            "ipv6_cidr_block_association_id": "",
            "ipv6_native": false,
            "map_customer_owned_ip_on_launch": false,
            "map_public_ip_on_launch": true,
            "outpost_arn": "",
            "owner_id": "135149110460",
            "private_dns_hostname_type_on_launch": "ip-name",
            "tags": {
              "Name": "staging-public-001/az1",
              "Owner": "cwchoiit",
              "Project": "Network",
              "module.terraform.io/full-name": "terraform-aws-network/subnet-group",
              "module.terraform.io/instance": "staging-public",
              "module.terraform.io/name": "subnet-group",
              "module.terraform.io/package": "terraform-aws-network",
              "module.terraform.io/version": "0.24.0"
            },
            "tags_all": {
              "Name": "staging-public-001/az1",
              "Owner": "cwchoiit",
              "Project": "Network",
              "module.terraform.io/full-name": "terraform-aws-network/subnet-group",
              "module.terraform.io/instance": "staging-public",
              "module.terraform.io/name": "subnet-group",
              "module.terraform.io/package": "terraform-aws-network",
              "module.terraform.io/version": "0.24.0"
            },
            "timeouts": null,
            "vpc_id": "vpc-0b5e1015bd241ee17"
          },
          "sensitive_attributes": [],
          "private": "eyJlMmJmYjczMC1lY2FhLTExZTYtOGY4OC0zNDM2M2JjN2M0YzAiOnsiY3JlYXRlIjo2MDAwMDAwMDAwMDAsImRlbGV0ZSI6MTIwMDAwMDAwMDAwMH0sInNjaGVtYV92ZXJzaW9uIjoiMSJ9",
          "dependencies": [
            "module.vpc.aws_vpc.this"
          ]
        },
        {
          "index_key": "staging-public-002/az2",
          "schema_version": 1,
          "attributes": {
            "arn": "arn:aws:ec2:ap-northeast-2:135149110460:subnet/subnet-0c0f3399c84c524ce",
            "assign_ipv6_address_on_creation": false,
            "availability_zone": "ap-northeast-2b",
            "availability_zone_id": "apne2-az2",
            "cidr_block": "10.0.1.0/24",
            "customer_owned_ipv4_pool": "",
            "enable_dns64": false,
            "enable_lni_at_device_index": 0,
            "enable_resource_name_dns_a_record_on_launch": false,
            "enable_resource_name_dns_aaaa_record_on_launch": false,
            "id": "subnet-0c0f3399c84c524ce",
            "ipv6_cidr_block": "",
            "ipv6_cidr_block_association_id": "",
            "ipv6_native": false,
            "map_customer_owned_ip_on_launch": false,
            "map_public_ip_on_launch": true,
            "outpost_arn": "",
            "owner_id": "135149110460",
            "private_dns_hostname_type_on_launch": "ip-name",
            "tags": {
              "Name": "staging-public-002/az2",
              "Owner": "cwchoiit",
              "Project": "Network",
              "module.terraform.io/full-name": "terraform-aws-network/subnet-group",
              "module.terraform.io/instance": "staging-public",
              "module.terraform.io/name": "subnet-group",
              "module.terraform.io/package": "terraform-aws-network",
              "module.terraform.io/version": "0.24.0"
            },
            "tags_all": {
              "Name": "staging-public-002/az2",
              "Owner": "cwchoiit",
              "Project": "Network",
              "module.terraform.io/full-name": "terraform-aws-network/subnet-group",
              "module.terraform.io/instance": "staging-public",
              "module.terraform.io/name": "subnet-group",
              "module.terraform.io/package": "terraform-aws-network",
              "module.terraform.io/version": "0.24.0"
            },
            "timeouts": null,
            "vpc_id": "vpc-0b5e1015bd241ee17"
          },
          "sensitive_attributes": [],
          "private": "eyJlMmJmYjczMC1lY2FhLTExZTYtOGY4OC0zNDM2M2JjN2M0YzAiOnsiY3JlYXRlIjo2MDAwMDAwMDAwMDAsImRlbGV0ZSI6MTIwMDAwMDAwMDAwMH0sInNjaGVtYV92ZXJzaW9uIjoiMSJ9",
          "dependencies": [
            "module.vpc.aws_vpc.this"
          ]
        }
      ]
    },
    {
      "module": "module.vpc",
      "mode": "data",
      "type": "aws_region",
      "name": "current",
      "provider": "provider[\"registry.terraform.io/hashicorp/aws\"]",
      "instances": [
        {
          "schema_version": 0,
          "attributes": {
            "description": "Asia Pacific (Seoul)",
            "endpoint": "ec2.ap-northeast-2.amazonaws.com",
            "id": "ap-northeast-2",
            "name": "ap-northeast-2"
          },
          "sensitive_attributes": []
        }
      ]
    },
    {
      "module": "module.vpc",
      "mode": "managed",
      "type": "aws_internet_gateway",
      "name": "this",
      "provider": "provider[\"registry.terraform.io/hashicorp/aws\"]",
      "instances": [
        {
          "index_key": 0,
          "schema_version": 0,
          "attributes": {
            "arn": "arn:aws:ec2:ap-northeast-2:135149110460:internet-gateway/igw-01baff97e3e8501c7",
            "id": "igw-01baff97e3e8501c7",
            "owner_id": "135149110460",
            "tags": {
              "Name": "staging",
              "Owner": "cwchoiit",
              "Project": "Network",
              "module.terraform.io/full-name": "terraform-aws-network/vpc",
              "module.terraform.io/instance": "staging",
              "module.terraform.io/name": "vpc",
              "module.terraform.io/package": "terraform-aws-network",
              "module.terraform.io/version": "0.24.0"
            },
            "tags_all": {
              "Name": "staging",
              "Owner": "cwchoiit",
              "Project": "Network",
              "module.terraform.io/full-name": "terraform-aws-network/vpc",
              "module.terraform.io/instance": "staging",
              "module.terraform.io/name": "vpc",
              "module.terraform.io/package": "terraform-aws-network",
              "module.terraform.io/version": "0.24.0"
            },
            "timeouts": null,
            "vpc_id": "vpc-0b5e1015bd241ee17"
          },
          "sensitive_attributes": [],
          "private": "eyJlMmJmYjczMC1lY2FhLTExZTYtOGY4OC0zNDM2M2JjN2M0YzAiOnsiY3JlYXRlIjoxMjAwMDAwMDAwMDAwLCJkZWxldGUiOjEyMDAwMDAwMDAwMDAsInVwZGF0ZSI6MTIwMDAwMDAwMDAwMH19",
          "dependencies": [
            "module.vpc.aws_vpc.this"
          ]
        }
      ]
    },
    {
      "module": "module.vpc",
      "mode": "managed",
      "type": "aws_resourcegroups_group",
      "name": "this",
      "provider": "provider[\"registry.terraform.io/hashicorp/aws\"]",
      "instances": [
        {
          "index_key": 0,
          "schema_version": 0,
          "attributes": {
            "arn": "arn:aws:resource-groups:ap-northeast-2:135149110460:group/terraform-aws-network.vpc.staging",
            "configuration": [],
            "description": "Managed by Terraform.",
            "id": "terraform-aws-network.vpc.staging",
            "name": "terraform-aws-network.vpc.staging",
            "resource_query": [
              {
                "query": "{\n  \"ResourceTypeFilters\": [\n    \"AWS::AllSupported\"\n  ],\n  \"TagFilters\": [{\"Key\":\"module.terraform.io/full-name\",\"Values\":[\"terraform-aws-network/vpc\"]},{\"Key\":\"module.terraform.io/instance\",\"Values\":[\"staging\"]},{\"Key\":\"module.terraform.io/name\",\"Values\":[\"vpc\"]},{\"Key\":\"module.terraform.io/package\",\"Values\":[\"terraform-aws-network\"]},{\"Key\":\"module.terraform.io/version\",\"Values\":[\"0.24.0\"]}]\n}\n",
                "type": "TAG_FILTERS_1_0"
              }
            ],
            "tags": {
              "Name": "terraform-aws-network.vpc.staging",
              "Owner": "cwchoiit",
              "Project": "Network",
              "module.terraform.io/full-name": "terraform-aws-network/vpc",
              "module.terraform.io/instance": "staging",
              "module.terraform.io/name": "vpc",
              "module.terraform.io/package": "terraform-aws-network",
              "module.terraform.io/version": "0.24.0"
            },
            "tags_all": {
              "Name": "terraform-aws-network.vpc.staging",
              "Owner": "cwchoiit",
              "Project": "Network",
              "module.terraform.io/full-name": "terraform-aws-network/vpc",
              "module.terraform.io/instance": "staging",
              "module.terraform.io/name": "vpc",
              "module.terraform.io/package": "terraform-aws-network",
              "module.terraform.io/version": "0.24.0"
            },
            "timeouts": null
          },
          "sensitive_attributes": [],
          "private": "eyJlMmJmYjczMC1lY2FhLTExZTYtOGY4OC0zNDM2M2JjN2M0YzAiOnsiY3JlYXRlIjo5MDAwMDAwMDAwMDAsInVwZGF0ZSI6OTAwMDAwMDAwMDAwfX0="
        }
      ]
    },
    {
      "module": "module.vpc",
      "mode": "managed",
      "type": "aws_vpc",
      "name": "this",
      "provider": "provider[\"registry.terraform.io/hashicorp/aws\"]",
      "instances": [
        {
          "schema_version": 1,
          "attributes": {
            "arn": "arn:aws:ec2:ap-northeast-2:135149110460:vpc/vpc-0b5e1015bd241ee17",
            "assign_generated_ipv6_cidr_block": false,
            "cidr_block": "10.0.0.0/16",
            "default_network_acl_id": "acl-09a34d533c56b0553",
            "default_route_table_id": "rtb-087cd5b340fc41f6b",
            "default_security_group_id": "sg-0b59afbd0bf3a839d",
            "dhcp_options_id": "dopt-07c73e545b383ad62",
            "enable_dns_hostnames": true,
            "enable_dns_support": true,
            "enable_network_address_usage_metrics": false,
            "id": "vpc-0b5e1015bd241ee17",
            "instance_tenancy": "default",
            "ipv4_ipam_pool_id": null,
            "ipv4_netmask_length": null,
            "ipv6_association_id": "",
            "ipv6_cidr_block": "",
            "ipv6_cidr_block_network_border_group": "",
            "ipv6_ipam_pool_id": "",
            "ipv6_netmask_length": 0,
            "main_route_table_id": "rtb-087cd5b340fc41f6b",
            "owner_id": "135149110460",
            "tags": {
              "Name": "staging",
              "Owner": "cwchoiit",
              "Project": "Network",
              "module.terraform.io/full-name": "terraform-aws-network/vpc",
              "module.terraform.io/instance": "staging",
              "module.terraform.io/name": "vpc",
              "module.terraform.io/package": "terraform-aws-network",
              "module.terraform.io/version": "0.24.0"
            },
            "tags_all": {
              "Name": "staging",
              "Owner": "cwchoiit",
              "Project": "Network",
              "module.terraform.io/full-name": "terraform-aws-network/vpc",
              "module.terraform.io/instance": "staging",
              "module.terraform.io/name": "vpc",
              "module.terraform.io/package": "terraform-aws-network",
              "module.terraform.io/version": "0.24.0"
            }
          },
          "sensitive_attributes": [],
          "private": "eyJzY2hlbWFfdmVyc2lvbiI6IjEifQ=="
        }
      ]
    }
  ],
  "check_results": null
}
