{
  "version": 4,
  "terraform_version": "1.7.4",
  "serial": 22,
  "lineage": "538e8155-ae71-4cfc-e583-546ebc6129f8",
  "outputs": {
    "for_each_map_user_arns": {
      "value": [
        "arn:aws:iam::135149110460:user/alice",
        "arn:aws:iam::135149110460:user/bob",
        "arn:aws:iam::135149110460:user/john"
      ],
      "type": [
        "tuple",
        [
          "string",
          "string",
          "string"
        ]
      ]
    }
  },
  "resources": [
    {
      "mode": "managed",
      "type": "aws_iam_user",
      "name": "for_each_map",
      "provider": "provider[\"registry.terraform.io/hashicorp/aws\"]",
      "instances": [
        {
          "index_key": "alice",
          "schema_version": 0,
          "attributes": {
            "arn": "arn:aws:iam::135149110460:user/alice",
            "force_destroy": false,
            "id": "alice",
            "name": "alice",
            "path": "/",
            "permissions_boundary": "",
            "tags": {
              "level": "low",
              "manager": "chyonee"
            },
            "tags_all": {
              "level": "low",
              "manager": "chyonee"
            },
            "unique_id": "AIDAR654DYS6NJ7R26YBN"
          },
          "sensitive_attributes": [],
          "private": "bnVsbA=="
        },
        {
          "index_key": "bob",
          "schema_version": 0,
          "attributes": {
            "arn": "arn:aws:iam::135149110460:user/bob",
            "force_destroy": false,
            "id": "bob",
            "name": "bob",
            "path": "/",
            "permissions_boundary": "",
            "tags": {
              "level": "mid",
              "manager": "chyonee"
            },
            "tags_all": {
              "level": "mid",
              "manager": "chyonee"
            },
            "unique_id": "AIDAR654DYS6CVWXQZV42"
          },
          "sensitive_attributes": [],
          "private": "bnVsbA=="
        },
        {
          "index_key": "john",
          "schema_version": 0,
          "attributes": {
            "arn": "arn:aws:iam::135149110460:user/john",
            "force_destroy": false,
            "id": "john",
            "name": "john",
            "path": "/",
            "permissions_boundary": "",
            "tags": {
              "level": "high",
              "manager": "chyonee"
            },
            "tags_all": {
              "level": "high",
              "manager": "chyonee"
            },
            "unique_id": "AIDAR654DYS6NG2CUTKTT"
          },
          "sensitive_attributes": [],
          "private": "bnVsbA=="
        }
      ]
    }
  ],
  "check_results": null
}
