{
  "version": 4,
  "terraform_version": "1.7.4",
  "serial": 9,
  "lineage": "0398b32f-144c-ff23-8fe8-26b88bddd1a1",
  "outputs": {
    "aws_vpc": {
      "value": {
        "arn": "arn:aws:ec2:ap-northeast-2:135149110460:vpc/vpc-01027a6f93012dbc4",
        "assign_generated_ipv6_cidr_block": false,
        "cidr_block": "10.0.0.0/16",
        "default_network_acl_id": "acl-0f61690bcce700f68",
        "default_route_table_id": "rtb-0068635547f84d7c4",
        "default_security_group_id": "sg-06651523f7c62eba3",
        "dhcp_options_id": "dopt-07c73e545b383ad62",
        "enable_dns_hostnames": false,
        "enable_dns_support": true,
        "enable_network_address_usage_metrics": false,
        "id": "vpc-01027a6f93012dbc4",
        "instance_tenancy": "default",
        "ipv4_ipam_pool_id": null,
        "ipv4_netmask_length": null,
        "ipv6_association_id": "",
        "ipv6_cidr_block": "",
        "ipv6_cidr_block_network_border_group": "",
        "ipv6_ipam_pool_id": "",
        "ipv6_netmask_length": 0,
        "main_route_table_id": "rtb-0068635547f84d7c4",
        "owner_id": "135149110460",
        "tags": {
          "Name": "Terraform"
        },
        "tags_all": {
          "Name": "Terraform"
        }
      },
      "type": [
        "object",
        {
          "arn": "string",
          "assign_generated_ipv6_cidr_block": "bool",
          "cidr_block": "string",
          "default_network_acl_id": "string",
          "default_route_table_id": "string",
          "default_security_group_id": "string",
          "dhcp_options_id": "string",
          "enable_dns_hostnames": "bool",
          "enable_dns_support": "bool",
          "enable_network_address_usage_metrics": "bool",
          "id": "string",
          "instance_tenancy": "string",
          "ipv4_ipam_pool_id": "string",
          "ipv4_netmask_length": "number",
          "ipv6_association_id": "string",
          "ipv6_cidr_block": "string",
          "ipv6_cidr_block_network_border_group": "string",
          "ipv6_ipam_pool_id": "string",
          "ipv6_netmask_length": "number",
          "main_route_table_id": "string",
          "owner_id": "string",
          "tags": [
            "map",
            "string"
          ],
          "tags_all": [
            "map",
            "string"
          ]
        }
      ]
    },
    "file_bar": {
      "value": {
        "content": "Hello DevOps!\n",
        "content_base64": "SGVsbG8gRGV2T3BzIQo=",
        "content_base64sha256": "S3BqGTFu+Pm1aKFpOk/Dern8jSUkDDCPsoAUveQ6nSQ=",
        "content_base64sha512": "d1/1zohtkWDGre8TVFhF9dDNAb/LqnIutwJf/RBlSe7gK1+vD9QfE9IH01E5MFlgyn1Qs/UVlTKOkqYKYxMbFw==",
        "content_md5": "279657640fe4b564e99a2f49655b0dcd",
        "content_sha1": "7397c8d706f70c34e3c27f634b6e7e437997992b",
        "content_sha256": "4b706a19316ef8f9b568a1693a4fc37ab9fc8d25240c308fb28014bde43a9d24",
        "content_sha512": "775ff5ce886d9160c6adef13545845f5d0cd01bfcbaa722eb7025ffd106549eee02b5faf0fd41f13d207d35139305960ca7d50b3f51595328e92a60a63131b17",
        "filename": "./bar.txt",
        "id": "7397c8d706f70c34e3c27f634b6e7e437997992b"
      },
      "type": [
        "object",
        {
          "content": "string",
          "content_base64": "string",
          "content_base64sha256": "string",
          "content_base64sha512": "string",
          "content_md5": "string",
          "content_sha1": "string",
          "content_sha256": "string",
          "content_sha512": "string",
          "filename": "string",
          "id": "string"
        }
      ]
    },
    "vpcs": {
      "value": {
        "filter": null,
        "id": "ap-northeast-2",
        "ids": [
          "vpc-04a888e12b489eb12",
          "vpc-01027a6f93012dbc4"
        ],
        "tags": null,
        "timeouts": null
      },
      "type": [
        "object",
        {
          "filter": [
            "set",
            [
              "object",
              {
                "name": "string",
                "values": [
                  "set",
                  "string"
                ]
              }
            ]
          ],
          "id": "string",
          "ids": [
            "list",
            "string"
          ],
          "tags": [
            "map",
            "string"
          ],
          "timeouts": [
            "object",
            {
              "read": "string"
            }
          ]
        }
      ]
    }
  },
  "resources": [
    {
      "mode": "data",
      "type": "aws_vpcs",
      "name": "vpcs",
      "provider": "provider[\"registry.terraform.io/hashicorp/aws\"]",
      "instances": [
        {
          "schema_version": 0,
          "attributes": {
            "filter": null,
            "id": "ap-northeast-2",
            "ids": [
              "vpc-04a888e12b489eb12",
              "vpc-01027a6f93012dbc4"
            ],
            "tags": null,
            "timeouts": null
          },
          "sensitive_attributes": []
        }
      ]
    },
    {
      "mode": "data",
      "type": "local_file",
      "name": "bar",
      "provider": "provider[\"registry.terraform.io/hashicorp/local\"]",
      "instances": [
        {
          "schema_version": 0,
          "attributes": {
            "content": "Hello DevOps!\n",
            "content_base64": "SGVsbG8gRGV2T3BzIQo=",
            "content_base64sha256": "S3BqGTFu+Pm1aKFpOk/Dern8jSUkDDCPsoAUveQ6nSQ=",
            "content_base64sha512": "d1/1zohtkWDGre8TVFhF9dDNAb/LqnIutwJf/RBlSe7gK1+vD9QfE9IH01E5MFlgyn1Qs/UVlTKOkqYKYxMbFw==",
            "content_md5": "279657640fe4b564e99a2f49655b0dcd",
            "content_sha1": "7397c8d706f70c34e3c27f634b6e7e437997992b",
            "content_sha256": "4b706a19316ef8f9b568a1693a4fc37ab9fc8d25240c308fb28014bde43a9d24",
            "content_sha512": "775ff5ce886d9160c6adef13545845f5d0cd01bfcbaa722eb7025ffd106549eee02b5faf0fd41f13d207d35139305960ca7d50b3f51595328e92a60a63131b17",
            "filename": "./bar.txt",
            "id": "7397c8d706f70c34e3c27f634b6e7e437997992b"
          },
          "sensitive_attributes": []
        }
      ]
    },
    {
      "mode": "managed",
      "type": "aws_vpc",
      "name": "vpc",
      "provider": "provider[\"registry.terraform.io/hashicorp/aws\"]",
      "instances": [
        {
          "schema_version": 1,
          "attributes": {
            "arn": "arn:aws:ec2:ap-northeast-2:135149110460:vpc/vpc-01027a6f93012dbc4",
            "assign_generated_ipv6_cidr_block": false,
            "cidr_block": "10.0.0.0/16",
            "default_network_acl_id": "acl-0f61690bcce700f68",
            "default_route_table_id": "rtb-0068635547f84d7c4",
            "default_security_group_id": "sg-06651523f7c62eba3",
            "dhcp_options_id": "dopt-07c73e545b383ad62",
            "enable_dns_hostnames": false,
            "enable_dns_support": true,
            "enable_network_address_usage_metrics": false,
            "id": "vpc-01027a6f93012dbc4",
            "instance_tenancy": "default",
            "ipv4_ipam_pool_id": null,
            "ipv4_netmask_length": null,
            "ipv6_association_id": "",
            "ipv6_cidr_block": "",
            "ipv6_cidr_block_network_border_group": "",
            "ipv6_ipam_pool_id": "",
            "ipv6_netmask_length": 0,
            "main_route_table_id": "rtb-0068635547f84d7c4",
            "owner_id": "135149110460",
            "tags": {
              "Name": "Terraform"
            },
            "tags_all": {
              "Name": "Terraform"
            }
          },
          "sensitive_attributes": [],
          "private": "eyJzY2hlbWFfdmVyc2lvbiI6IjEifQ=="
        }
      ]
    },
    {
      "mode": "managed",
      "type": "local_file",
      "name": "foo",
      "provider": "provider[\"registry.terraform.io/hashicorp/local\"]",
      "instances": [
        {
          "schema_version": 0,
          "attributes": {
            "content": "Hello World!",
            "content_base64": null,
            "content_base64sha256": "f4OxZX/x/FO5LcGBSKHWXfwtSx+j1ncoSt3SABJtkGk=",
            "content_base64sha512": "hhhE1nBOhXP+w02WfiC8/vPUJM9IvgTm3AjyvVjHKXQzcQFerYkcw88cnTS0kmS1EHUbH/nlN5N7xGtdb/TsyA==",
            "content_md5": "ed076287532e86365e841e92bfc50d8c",
            "content_sha1": "2ef7bde608ce5404e97d5f042f95f89f1c232871",
            "content_sha256": "7f83b1657ff1fc53b92dc18148a1d65dfc2d4b1fa3d677284addd200126d9069",
            "content_sha512": "861844d6704e8573fec34d967e20bcfef3d424cf48be04e6dc08f2bd58c729743371015ead891cc3cf1c9d34b49264b510751b1ff9e537937bc46b5d6ff4ecc8",
            "directory_permission": "0777",
            "file_permission": "0777",
            "filename": "./foo.txt",
            "id": "2ef7bde608ce5404e97d5f042f95f89f1c232871",
            "sensitive_content": null,
            "source": null
          },
          "sensitive_attributes": []
        }
      ]
    }
  ],
  "check_results": null
}
