{
  "version": 4,
  "terraform_version": "1.7.4",
  "serial": 15,
  "lineage": "5a3de401-e49b-ed96-a73a-8e5b9236caed",
  "outputs": {
    "developers": {
      "value": [
        {
          "is_developer": true,
          "level": 1,
          "name": "alice",
          "role": "인턴 개발자"
        },
        {
          "is_developer": true,
          "level": 4,
          "name": "tony",
          "role": "데브옵스"
        }
      ],
      "type": [
        "tuple",
        [
          [
            "object",
            {
              "is_developer": "bool",
              "level": "number",
              "name": "string",
              "role": "string"
            }
          ],
          [
            "object",
            {
              "is_developer": "bool",
              "level": "number",
              "name": "string",
              "role": "string"
            }
          ]
        ]
      ]
    },
    "groups": {
      "value": [
        {
          "arn": "arn:aws:iam::135149110460:group/developer",
          "id": "developer",
          "name": "developer",
          "path": "/",
          "unique_id": "AGPAR654DYS6GKLEWURKX"
        },
        {
          "arn": "arn:aws:iam::135149110460:group/employee",
          "id": "employee",
          "name": "employee",
          "path": "/",
          "unique_id": "AGPAR654DYS6MXEWBLYY3"
        }
      ],
      "type": [
        "tuple",
        [
          [
            "object",
            {
              "arn": "string",
              "id": "string",
              "name": "string",
              "path": "string",
              "unique_id": "string"
            }
          ],
          [
            "object",
            {
              "arn": "string",
              "id": "string",
              "name": "string",
              "path": "string",
              "unique_id": "string"
            }
          ]
        ]
      ]
    },
    "high_level_users": {
      "value": [
        {
          "is_developer": false,
          "level": 7,
          "name": "john",
          "role": "재무"
        },
        {
          "is_developer": false,
          "level": 9,
          "name": "cindy",
          "role": "경영"
        }
      ],
      "type": [
        "tuple",
        [
          [
            "object",
            {
              "is_developer": "bool",
              "level": "number",
              "name": "string",
              "role": "string"
            }
          ],
          [
            "object",
            {
              "is_developer": "bool",
              "level": "number",
              "name": "string",
              "role": "string"
            }
          ]
        ]
      ]
    }
  },
  "resources": [
    {
      "mode": "managed",
      "type": "aws_iam_group",
      "name": "developer",
      "provider": "provider[\"registry.terraform.io/hashicorp/aws\"]",
      "instances": [
        {
          "schema_version": 0,
          "attributes": {
            "arn": "arn:aws:iam::135149110460:group/developer",
            "id": "developer",
            "name": "developer",
            "path": "/",
            "unique_id": "AGPAR654DYS6GKLEWURKX"
          },
          "sensitive_attributes": [],
          "private": "bnVsbA=="
        }
      ]
    },
    {
      "mode": "managed",
      "type": "aws_iam_group",
      "name": "employee",
      "provider": "provider[\"registry.terraform.io/hashicorp/aws\"]",
      "instances": [
        {
          "schema_version": 0,
          "attributes": {
            "arn": "arn:aws:iam::135149110460:group/employee",
            "id": "employee",
            "name": "employee",
            "path": "/",
            "unique_id": "AGPAR654DYS6MXEWBLYY3"
          },
          "sensitive_attributes": [],
          "private": "bnVsbA=="
        }
      ]
    },
    {
      "mode": "managed",
      "type": "aws_iam_user",
      "name": "this",
      "provider": "provider[\"registry.terraform.io/hashicorp/aws\"]",
      "instances": [
        {
          "index_key": "alice",
          "schema_version": 0,
          "attributes": {
            "arn": "arn:aws:iam::135149110460:user/alice",
            "force_destroy": false,
            "id": "alice",
            "name": "alice",
            "path": "/",
            "permissions_boundary": "",
            "tags": {
              "level": "1",
              "role": "인턴 개발자"
            },
            "tags_all": {
              "level": "1",
              "role": "인턴 개발자"
            },
            "unique_id": "AIDAR654DYS6HOQRJLVMS"
          },
          "sensitive_attributes": [],
          "private": "bnVsbA=="
        },
        {
          "index_key": "cindy",
          "schema_version": 0,
          "attributes": {
            "arn": "arn:aws:iam::135149110460:user/cindy",
            "force_destroy": false,
            "id": "cindy",
            "name": "cindy",
            "path": "/",
            "permissions_boundary": "",
            "tags": {
              "level": "9",
              "role": "경영"
            },
            "tags_all": {
              "level": "9",
              "role": "경영"
            },
            "unique_id": "AIDAR654DYS6ORPOM7TA4"
          },
          "sensitive_attributes": [],
          "private": "bnVsbA=="
        },
        {
          "index_key": "hoon",
          "schema_version": 0,
          "attributes": {
            "arn": "arn:aws:iam::135149110460:user/hoon",
            "force_destroy": false,
            "id": "hoon",
            "name": "hoon",
            "path": "/",
            "permissions_boundary": "",
            "tags": {
              "level": "3",
              "role": "마케팅"
            },
            "tags_all": {
              "level": "3",
              "role": "마케팅"
            },
            "unique_id": "AIDAR654DYS6DS52DNOLW"
          },
          "sensitive_attributes": [],
          "private": "bnVsbA=="
        },
        {
          "index_key": "john",
          "schema_version": 0,
          "attributes": {
            "arn": "arn:aws:iam::135149110460:user/john",
            "force_destroy": false,
            "id": "john",
            "name": "john",
            "path": "/",
            "permissions_boundary": "",
            "tags": {
              "level": "7",
              "role": "재무"
            },
            "tags_all": {
              "level": "7",
              "role": "재무"
            },
            "unique_id": "AIDAR654DYS6GHQB5LIDZ"
          },
          "sensitive_attributes": [],
          "private": "bnVsbA=="
        },
        {
          "index_key": "tony",
          "schema_version": 0,
          "attributes": {
            "arn": "arn:aws:iam::135149110460:user/tony",
            "force_destroy": false,
            "id": "tony",
            "name": "tony",
            "path": "/",
            "permissions_boundary": "",
            "tags": {
              "level": "4",
              "role": "데브옵스"
            },
            "tags_all": {
              "level": "4",
              "role": "데브옵스"
            },
            "unique_id": "AIDAR654DYS6PGSCWUB42"
          },
          "sensitive_attributes": [],
          "private": "bnVsbA=="
        }
      ]
    },
    {
      "mode": "managed",
      "type": "aws_iam_user_group_membership",
      "name": "this",
      "provider": "provider[\"registry.terraform.io/hashicorp/aws\"]",
      "instances": [
        {
          "index_key": "alice",
          "schema_version": 0,
          "attributes": {
            "groups": [
              "developer",
              "employee"
            ],
            "id": "terraform-20240307025332007800000006",
            "user": "alice"
          },
          "sensitive_attributes": [],
          "private": "bnVsbA==",
          "dependencies": [
            "aws_iam_group.developer",
            "aws_iam_group.employee"
          ]
        },
        {
          "index_key": "cindy",
          "schema_version": 0,
          "attributes": {
            "groups": [
              "employee"
            ],
            "id": "terraform-20240307025331789800000003",
            "user": "cindy"
          },
          "sensitive_attributes": [],
          "private": "bnVsbA==",
          "dependencies": [
            "aws_iam_group.developer",
            "aws_iam_group.employee"
          ]
        },
        {
          "index_key": "hoon",
          "schema_version": 0,
          "attributes": {
            "groups": [
              "employee"
            ],
            "id": "terraform-20240307025331793100000004",
            "user": "hoon"
          },
          "sensitive_attributes": [],
          "private": "bnVsbA==",
          "dependencies": [
            "aws_iam_group.developer",
            "aws_iam_group.employee"
          ]
        },
        {
          "index_key": "john",
          "schema_version": 0,
          "attributes": {
            "groups": [
              "employee"
            ],
            "id": "terraform-20240307025331794200000005",
            "user": "john"
          },
          "sensitive_attributes": [],
          "private": "bnVsbA==",
          "dependencies": [
            "aws_iam_group.developer",
            "aws_iam_group.employee"
          ]
        },
        {
          "index_key": "tony",
          "schema_version": 0,
          "attributes": {
            "groups": [
              "developer",
              "employee"
            ],
            "id": "terraform-20240307025332023200000007",
            "user": "tony"
          },
          "sensitive_attributes": [],
          "private": "bnVsbA==",
          "dependencies": [
            "aws_iam_group.developer",
            "aws_iam_group.employee"
          ]
        }
      ]
    },
    {
      "mode": "managed",
      "type": "aws_iam_user_policy_attachment",
      "name": "developer",
      "provider": "provider[\"registry.terraform.io/hashicorp/aws\"]",
      "instances": [
        {
          "index_key": "alice",
          "schema_version": 0,
          "attributes": {
            "id": "alice-20240307025331688300000001",
            "policy_arn": "arn:aws:iam::aws:policy/AdministratorAccess",
            "user": "alice"
          },
          "sensitive_attributes": [],
          "private": "bnVsbA==",
          "dependencies": [
            "aws_iam_user.this"
          ]
        },
        {
          "index_key": "tony",
          "schema_version": 0,
          "attributes": {
            "id": "tony-20240307025331693200000002",
            "policy_arn": "arn:aws:iam::aws:policy/AdministratorAccess",
            "user": "tony"
          },
          "sensitive_attributes": [],
          "private": "bnVsbA==",
          "dependencies": [
            "aws_iam_user.this"
          ]
        }
      ]
    }
  ],
  "check_results": null
}
