{
  "version": 4,
  "terraform_version": "1.7.4",
  "serial": 9,
  "lineage": "5656e178-a40f-c519-c768-5188be519c19",
  "outputs": {
    "provisioner_instance": {
      "value": {
        "private_dns": "ip-10-1-130-48.ap-northeast-2.compute.internal",
        "private_ip": "10.1.130.48",
        "public_dns": "",
        "public_ip": ""
      },
      "type": [
        "object",
        {
          "private_dns": "string",
          "private_ip": "string",
          "public_dns": "string",
          "public_ip": "string"
        }
      ]
    },
    "userdata_instance": {
      "value": {
        "private_dns": "ip-10-1-166-94.ap-northeast-2.compute.internal",
        "private_ip": "10.1.166.94",
        "public_dns": "",
        "public_ip": ""
      },
      "type": [
        "object",
        {
          "private_dns": "string",
          "private_ip": "string",
          "public_dns": "string",
          "public_ip": "string"
        }
      ]
    }
  },
  "resources": [
    {
      "mode": "data",
      "type": "aws_ami",
      "name": "ubuntu",
      "provider": "provider[\"registry.terraform.io/hashicorp/aws\"]",
      "instances": [
        {
          "schema_version": 0,
          "attributes": {
            "architecture": "x86_64",
            "arn": "arn:aws:ec2:ap-northeast-2::image/ami-03c920ab98fa7ed2d",
            "block_device_mappings": [
              {
                "device_name": "/dev/sda1",
                "ebs": {
                  "delete_on_termination": "true",
                  "encrypted": "false",
                  "iops": "0",
                  "snapshot_id": "snap-00fdcc9d9772576d6",
                  "throughput": "0",
                  "volume_size": "8",
                  "volume_type": "gp2"
                },
                "no_device": "",
                "virtual_name": ""
              },
              {
                "device_name": "/dev/sdb",
                "ebs": {},
                "no_device": "",
                "virtual_name": "ephemeral0"
              },
              {
                "device_name": "/dev/sdc",
                "ebs": {},
                "no_device": "",
                "virtual_name": "ephemeral1"
              }
            ],
            "creation_date": "2024-02-29T22:42:36.000Z",
            "description": "Canonical, Ubuntu, 20.04 LTS, amd64 focal image build on 2024-02-29",
            "ena_support": true,
            "executable_users": null,
            "filter": [
              {
                "name": "name",
                "values": [
                  "ubuntu/images/hvm-ssd/ubuntu-focal-20.04-amd64-server-*"
                ]
              },
              {
                "name": "virtualization-type",
                "values": [
                  "hvm"
                ]
              }
            ],
            "hypervisor": "xen",
            "id": "ami-03c920ab98fa7ed2d",
            "image_id": "ami-03c920ab98fa7ed2d",
            "image_location": "amazon/ubuntu/images/hvm-ssd/ubuntu-focal-20.04-amd64-server-20240229",
            "image_owner_alias": "amazon",
            "image_type": "machine",
            "kernel_id": null,
            "most_recent": true,
            "name": "ubuntu/images/hvm-ssd/ubuntu-focal-20.04-amd64-server-20240229",
            "name_regex": null,
            "owner_id": "099720109477",
            "owners": [
              "099720109477"
            ],
            "platform": null,
            "platform_details": "Linux/UNIX",
            "product_codes": [],
            "public": true,
            "ramdisk_id": null,
            "root_device_name": "/dev/sda1",
            "root_device_type": "ebs",
            "root_snapshot_id": "snap-00fdcc9d9772576d6",
            "sriov_net_support": "simple",
            "state": "available",
            "state_reason": {
              "code": "UNSET",
              "message": "UNSET"
            },
            "tags": {},
            "usage_operation": "RunInstances",
            "virtualization_type": "hvm"
          },
          "sensitive_attributes": []
        }
      ]
    },
    {
      "mode": "managed",
      "type": "aws_instance",
      "name": "provisioner",
      "provider": "provider[\"registry.terraform.io/hashicorp/aws\"]",
      "instances": [
        {
          "schema_version": 1,
          "attributes": {
            "ami": "ami-03c920ab98fa7ed2d",
            "arn": "arn:aws:ec2:ap-northeast-2:135149110460:instance/i-04b9c5eb8bf6229f6",
            "associate_public_ip_address": false,
            "availability_zone": "ap-northeast-2a",
            "capacity_reservation_specification": [
              {
                "capacity_reservation_preference": "open",
                "capacity_reservation_target": []
              }
            ],
            "cpu_core_count": 1,
            "cpu_threads_per_core": 1,
            "credit_specification": [
              {
                "cpu_credits": "standard"
              }
            ],
            "disable_api_termination": false,
            "ebs_block_device": [],
            "ebs_optimized": false,
            "enclave_options": [
              {
                "enabled": false
              }
            ],
            "ephemeral_block_device": [],
            "get_password_data": false,
            "hibernation": false,
            "host_id": null,
            "iam_instance_profile": "",
            "id": "i-04b9c5eb8bf6229f6",
            "instance_initiated_shutdown_behavior": "stop",
            "instance_state": "running",
            "instance_type": "t2.micro",
            "ipv6_address_count": 0,
            "ipv6_addresses": [],
            "key_name": "cwchoiit-ec2-keypair",
            "launch_template": [],
            "metadata_options": [
              {
                "http_endpoint": "enabled",
                "http_put_response_hop_limit": 1,
                "http_tokens": "optional",
                "instance_metadata_tags": "disabled"
              }
            ],
            "monitoring": false,
            "network_interface": [],
            "outpost_arn": "",
            "password_data": "",
            "placement_group": "",
            "placement_partition_number": null,
            "primary_network_interface_id": "eni-052ffbe3b4a573122",
            "private_dns": "ip-10-1-130-48.ap-northeast-2.compute.internal",
            "private_ip": "10.1.130.48",
            "public_dns": "",
            "public_ip": "",
            "root_block_device": [
              {
                "delete_on_termination": true,
                "device_name": "/dev/sda1",
                "encrypted": false,
                "iops": 100,
                "kms_key_id": "",
                "tags": {},
                "throughput": 0,
                "volume_id": "vol-0c37c59666f9a6b2a",
                "volume_size": 8,
                "volume_type": "gp2"
              }
            ],
            "secondary_private_ips": [],
            "security_groups": [],
            "source_dest_check": true,
            "subnet_id": "subnet-0b23fd05b5919269e",
            "tags": {
              "Name": "cwchoiit-provisioner"
            },
            "tags_all": {
              "Name": "cwchoiit-provisioner"
            },
            "tenancy": "default",
            "timeouts": null,
            "user_data": null,
            "user_data_base64": null,
            "volume_tags": null,
            "vpc_security_group_ids": [
              "sg-031e498983f506d48"
            ]
          },
          "sensitive_attributes": [],
          "private": "eyJlMmJmYjczMC1lY2FhLTExZTYtOGY4OC0zNDM2M2JjN2M0YzAiOnsiY3JlYXRlIjo2MDAwMDAwMDAwMDAsImRlbGV0ZSI6MTIwMDAwMDAwMDAwMCwidXBkYXRlIjo2MDAwMDAwMDAwMDB9LCJzY2hlbWFfdmVyc2lvbiI6IjEifQ==",
          "dependencies": [
            "data.aws_ami.ubuntu",
            "module.security_group.aws_security_group.this"
          ]
        }
      ]
    },
    {
      "mode": "managed",
      "type": "aws_instance",
      "name": "userdata",
      "provider": "provider[\"registry.terraform.io/hashicorp/aws\"]",
      "instances": [
        {
          "schema_version": 1,
          "attributes": {
            "ami": "ami-03c920ab98fa7ed2d",
            "arn": "arn:aws:ec2:ap-northeast-2:135149110460:instance/i-05d258a5b58b70201",
            "associate_public_ip_address": false,
            "availability_zone": "ap-northeast-2a",
            "capacity_reservation_specification": [
              {
                "capacity_reservation_preference": "open",
                "capacity_reservation_target": []
              }
            ],
            "cpu_core_count": 1,
            "cpu_threads_per_core": 1,
            "credit_specification": [
              {
                "cpu_credits": "standard"
              }
            ],
            "disable_api_termination": false,
            "ebs_block_device": [],
            "ebs_optimized": false,
            "enclave_options": [
              {
                "enabled": false
              }
            ],
            "ephemeral_block_device": [],
            "get_password_data": false,
            "hibernation": false,
            "host_id": null,
            "iam_instance_profile": "",
            "id": "i-05d258a5b58b70201",
            "instance_initiated_shutdown_behavior": "stop",
            "instance_state": "running",
            "instance_type": "t2.micro",
            "ipv6_address_count": 0,
            "ipv6_addresses": [],
            "key_name": "cwchoiit-ec2-keypair",
            "launch_template": [],
            "metadata_options": [
              {
                "http_endpoint": "enabled",
                "http_put_response_hop_limit": 1,
                "http_tokens": "optional",
                "instance_metadata_tags": "disabled"
              }
            ],
            "monitoring": false,
            "network_interface": [],
            "outpost_arn": "",
            "password_data": "",
            "placement_group": "",
            "placement_partition_number": null,
            "primary_network_interface_id": "eni-08a644046eef1d4e6",
            "private_dns": "ip-10-1-166-94.ap-northeast-2.compute.internal",
            "private_ip": "10.1.166.94",
            "public_dns": "",
            "public_ip": "",
            "root_block_device": [
              {
                "delete_on_termination": true,
                "device_name": "/dev/sda1",
                "encrypted": false,
                "iops": 100,
                "kms_key_id": "",
                "tags": {},
                "throughput": 0,
                "volume_id": "vol-0e7fae3507e1c2106",
                "volume_size": 8,
                "volume_type": "gp2"
              }
            ],
            "secondary_private_ips": [],
            "security_groups": [],
            "source_dest_check": true,
            "subnet_id": "subnet-0b23fd05b5919269e",
            "tags": {
              "Name": "cwchoiit-userdata"
            },
            "tags_all": {
              "Name": "cwchoiit-userdata"
            },
            "tenancy": "default",
            "timeouts": null,
            "user_data": "506e14c72bca94c788b034e05a5728702d15fe10",
            "user_data_base64": null,
            "volume_tags": null,
            "vpc_security_group_ids": [
              "sg-031e498983f506d48"
            ]
          },
          "sensitive_attributes": [],
          "private": "eyJlMmJmYjczMC1lY2FhLTExZTYtOGY4OC0zNDM2M2JjN2M0YzAiOnsiY3JlYXRlIjo2MDAwMDAwMDAwMDAsImRlbGV0ZSI6MTIwMDAwMDAwMDAwMCwidXBkYXRlIjo2MDAwMDAwMDAwMDB9LCJzY2hlbWFfdmVyc2lvbiI6IjEifQ==",
          "dependencies": [
            "data.aws_ami.ubuntu",
            "module.security_group.aws_security_group.this"
          ]
        }
      ]
    },
    {
      "mode": "managed",
      "type": "null_resource",
      "name": "provisioner",
      "provider": "provider[\"registry.terraform.io/hashicorp/null\"]",
      "instances": [
        {
          "status": "tainted",
          "schema_version": 0,
          "attributes": {
            "id": "8283451293700568819",
            "triggers": {
              "index_file": "c5e616d3f68859d7417e7cbcc4d4fe53",
              "insteance_id": "i-04b9c5eb8bf6229f6",
              "script": "84ba508e14b9972a5dec7c1fac03dc8d"
            }
          },
          "sensitive_attributes": [],
          "dependencies": [
            "aws_instance.provisioner",
            "data.aws_ami.ubuntu",
            "module.security_group.aws_security_group.this"
          ]
        }
      ]
    },
    {
      "module": "module.security_group",
      "mode": "managed",
      "type": "aws_resourcegroups_group",
      "name": "this",
      "provider": "provider[\"registry.terraform.io/hashicorp/aws\"]",
      "instances": [
        {
          "index_key": 0,
          "schema_version": 0,
          "attributes": {
            "arn": "arn:aws:resource-groups:ap-northeast-2:135149110460:group/terraform-aws-network.security-group.cwchoiit-vpc-provisioner-userdata",
            "description": "Managed by Terraform.",
            "id": "terraform-aws-network.security-group.cwchoiit-vpc-provisioner-userdata",
            "name": "terraform-aws-network.security-group.cwchoiit-vpc-provisioner-userdata",
            "resource_query": [
              {
                "query": "{\n  \"ResourceTypeFilters\": [\n    \"AWS::AllSupported\"\n  ],\n  \"TagFilters\": [{\"Key\":\"module.terraform.io/full-name\",\"Values\":[\"terraform-aws-network/security-group\"]},{\"Key\":\"module.terraform.io/instance\",\"Values\":[\"cwchoiit-vpc-provisioner-userdata\"]},{\"Key\":\"module.terraform.io/name\",\"Values\":[\"security-group\"]},{\"Key\":\"module.terraform.io/package\",\"Values\":[\"terraform-aws-network\"]},{\"Key\":\"module.terraform.io/version\",\"Values\":[\"0.24.0\"]}]\n}\n",
                "type": "TAG_FILTERS_1_0"
              }
            ],
            "tags": {
              "Name": "terraform-aws-network.security-group.cwchoiit-vpc-provisioner-userdata",
              "Project": "provisioner-userdata",
              "module.terraform.io/full-name": "terraform-aws-network/security-group",
              "module.terraform.io/instance": "cwchoiit-vpc-provisioner-userdata",
              "module.terraform.io/name": "security-group",
              "module.terraform.io/package": "terraform-aws-network",
              "module.terraform.io/version": "0.24.0"
            },
            "tags_all": {
              "Name": "terraform-aws-network.security-group.cwchoiit-vpc-provisioner-userdata",
              "Project": "provisioner-userdata",
              "module.terraform.io/full-name": "terraform-aws-network/security-group",
              "module.terraform.io/instance": "cwchoiit-vpc-provisioner-userdata",
              "module.terraform.io/name": "security-group",
              "module.terraform.io/package": "terraform-aws-network",
              "module.terraform.io/version": "0.24.0"
            }
          },
          "sensitive_attributes": [],
          "private": "bnVsbA=="
        }
      ]
    },
    {
      "module": "module.security_group",
      "mode": "managed",
      "type": "aws_security_group",
      "name": "this",
      "provider": "provider[\"registry.terraform.io/hashicorp/aws\"]",
      "instances": [
        {
          "schema_version": 1,
          "attributes": {
            "arn": "arn:aws:ec2:ap-northeast-2:135149110460:security-group/sg-031e498983f506d48",
            "description": "Security Group for SSH.",
            "egress": [],
            "id": "sg-031e498983f506d48",
            "ingress": [],
            "name": "cwchoiit-vpc-provisioner-userdata",
            "name_prefix": "",
            "owner_id": "135149110460",
            "revoke_rules_on_delete": false,
            "tags": {
              "Name": "cwchoiit-vpc-provisioner-userdata",
              "Project": "provisioner-userdata",
              "module.terraform.io/full-name": "terraform-aws-network/security-group",
              "module.terraform.io/instance": "cwchoiit-vpc-provisioner-userdata",
              "module.terraform.io/name": "security-group",
              "module.terraform.io/package": "terraform-aws-network",
              "module.terraform.io/version": "0.24.0"
            },
            "tags_all": {
              "Name": "cwchoiit-vpc-provisioner-userdata",
              "Project": "provisioner-userdata",
              "module.terraform.io/full-name": "terraform-aws-network/security-group",
              "module.terraform.io/instance": "cwchoiit-vpc-provisioner-userdata",
              "module.terraform.io/name": "security-group",
              "module.terraform.io/package": "terraform-aws-network",
              "module.terraform.io/version": "0.24.0"
            },
            "timeouts": null,
            "vpc_id": "vpc-04a888e12b489eb12"
          },
          "sensitive_attributes": [],
          "private": "eyJlMmJmYjczMC1lY2FhLTExZTYtOGY4OC0zNDM2M2JjN2M0YzAiOnsiY3JlYXRlIjo2MDAwMDAwMDAwMDAsImRlbGV0ZSI6OTAwMDAwMDAwMDAwfSwic2NoZW1hX3ZlcnNpb24iOiIxIn0="
        }
      ]
    },
    {
      "module": "module.security_group",
      "mode": "managed",
      "type": "aws_security_group_rule",
      "name": "egress",
      "provider": "provider[\"registry.terraform.io/hashicorp/aws\"]",
      "instances": [
        {
          "index_key": "all/all",
          "schema_version": 2,
          "attributes": {
            "cidr_blocks": [
              "0.0.0.0/0"
            ],
            "description": "Allow to communicate to the Internet.",
            "from_port": 0,
            "id": "sgrule-508086805",
            "ipv6_cidr_blocks": null,
            "prefix_list_ids": null,
            "protocol": "-1",
            "security_group_id": "sg-031e498983f506d48",
            "self": false,
            "source_security_group_id": null,
            "to_port": 0,
            "type": "egress"
          },
          "sensitive_attributes": [],
          "private": "eyJzY2hlbWFfdmVyc2lvbiI6IjIifQ==",
          "dependencies": [
            "module.security_group.aws_security_group.this"
          ]
        }
      ]
    },
    {
      "module": "module.security_group",
      "mode": "managed",
      "type": "aws_security_group_rule",
      "name": "ingress",
      "provider": "provider[\"registry.terraform.io/hashicorp/aws\"]",
      "instances": [
        {
          "index_key": "http",
          "schema_version": 2,
          "attributes": {
            "cidr_blocks": [
              "0.0.0.0/0"
            ],
            "description": "Allow HTTP from anywhere.",
            "from_port": 80,
            "id": "sgrule-2603489875",
            "ipv6_cidr_blocks": null,
            "prefix_list_ids": null,
            "protocol": "tcp",
            "security_group_id": "sg-031e498983f506d48",
            "self": false,
            "source_security_group_id": null,
            "to_port": 80,
            "type": "ingress"
          },
          "sensitive_attributes": [],
          "private": "eyJzY2hlbWFfdmVyc2lvbiI6IjIifQ==",
          "dependencies": [
            "module.security_group.aws_security_group.this"
          ]
        },
        {
          "index_key": "ssh",
          "schema_version": 2,
          "attributes": {
            "cidr_blocks": [
              "0.0.0.0/0"
            ],
            "description": "Allow SSH from anywhere.",
            "from_port": 22,
            "id": "sgrule-765741030",
            "ipv6_cidr_blocks": null,
            "prefix_list_ids": null,
            "protocol": "tcp",
            "security_group_id": "sg-031e498983f506d48",
            "self": false,
            "source_security_group_id": null,
            "to_port": 22,
            "type": "ingress"
          },
          "sensitive_attributes": [],
          "private": "eyJzY2hlbWFfdmVyc2lvbiI6IjIifQ==",
          "dependencies": [
            "module.security_group.aws_security_group.this"
          ]
        }
      ]
    }
  ],
  "check_results": null
}
